
Microsoft Visual Studio Solution File, Format Version 12.00
# Visual Studio Version 17
VisualStudioVersion = 17.8.34408.163
MinimumVisualStudioVersion = 10.0.40219.1
Project("{FAE04EC0-301F-11D3-BF4B-00C04F79EFBC}") = "GameBlog.API", "GameBlog.API.csproj", "{EF73ECC0-B85B-41C4-B74A-B0FF07136614}"
EndProject
Global
	GlobalSection(SolutionConfigurationPlatforms) = preSolution
		Debug|Any CPU = Debug|Any CPU
		Release|Any CPU = Release|Any CPU
	EndGlobalSection
	GlobalSection(ProjectConfigurationPlatforms) = postSolution
		{EF73ECC0-B85B-41C4-B74A-B0FF07136614}.Debug|Any CPU.ActiveCfg = Debug|Any CPU
		{EF73ECC0-B85B-41C4-B74A-B0FF07136614}.Debug|Any CPU.Build.0 = Debug|Any CPU
		{EF73ECC0-B85B-41C4-B74A-B0FF07136614}.Release|Any CPU.ActiveCfg = Release|Any CPU
		{EF73ECC0-B85B-41C4-B74A-B0FF07136614}.Release|Any CPU.Build.0 = Release|Any CPU
	EndGlobalSection
	GlobalSection(SolutionProperties) = preSolution
		HideSolutionNode = FALSE
	EndGlobalSection
	GlobalSection(ExtensibilityGlobals) = postSolution
		SolutionGuid = {D05A322C-D768-49F7-B73E-95F3B23BD23F}
	EndGlobalSection
EndGlobal
